// !$*UTF8*$!
{
	archiveVersion = 1;
	classes = {
	};
	objectVersion = 46;
	objects = {

/* Begin PBXBuildFile section */
		6C18DB9A1F1EAA7700E806C2 /* TextViewPlaceholder.swift in Sources */ = {isa = PBXBuildFile; fileRef = 6C18DB991F1EAA7700E806C2 /* TextViewPlaceholder.swift */; };
		6C18DB9C1F1ECBEB00E806C2 /* TextFieldDelegate.swift in Sources */ = {isa = PBXBuildFile; fileRef = 6C18DB9B1F1ECBEB00E806C2 /* TextFieldDelegate.swift */; };
		6C18DB9E1F1ECF3000E806C2 /* TextViewDelegate.swift in Sources */ = {isa = PBXBuildFile; fileRef = 6C18DB9D1F1ECF3000E806C2 /* TextViewDelegate.swift */; };
		6C1FACB91F280F18004B575C /* AdSupport.framework in Frameworks */ = {isa = PBXBuildFile; fileRef = 6C1FACB81F280ABF004B575C /* AdSupport.framework */; };
		6C2981F61F2D237900D8AE52 /* CalendarDayCell.swift in Sources */ = {isa = PBXBuildFile; fileRef = 6C2981F51F2D237900D8AE52 /* CalendarDayCell.swift */; };
		6C3208461EE0153100ED6BDF /* ActivityCell.swift in Sources */ = {isa = PBXBuildFile; fileRef = 6C3208451EE0153100ED6BDF /* ActivityCell.swift */; };
		6C3342931F3A6229007F626D /* TimeSlotsCVC.swift in Sources */ = {isa = PBXBuildFile; fileRef = 6C3342921F3A6229007F626D /* TimeSlotsCVC.swift */; };
		6C3342971F3A643D007F626D /* TimeSlotCell.swift in Sources */ = {isa = PBXBuildFile; fileRef = 6C3342961F3A643D007F626D /* TimeSlotCell.swift */; };
		6C3342991F3A9ACC007F626D /* TimeSlotFormatter.swift in Sources */ = {isa = PBXBuildFile; fileRef = 6C3342981F3A9ACC007F626D /* TimeSlotFormatter.swift */; };
		6C33429B1F3AD8EF007F626D /* TimeSlotter.swift in Sources */ = {isa = PBXBuildFile; fileRef = 6C33429A1F3AD8EF007F626D /* TimeSlotter.swift */; };
		6C4151C31ECA7ACF00ACDAE7 /* AppDelegate.swift in Sources */ = {isa = PBXBuildFile; fileRef = 6C4151C21ECA7ACF00ACDAE7 /* AppDelegate.swift */; };
		6C4151CA1ECA7ACF00ACDAE7 /* Main.storyboard in Resources */ = {isa = PBXBuildFile; fileRef = 6C4151C81ECA7ACF00ACDAE7 /* Main.storyboard */; };
		6C4151CC1ECA7ACF00ACDAE7 /* Assets.xcassets in Resources */ = {isa = PBXBuildFile; fileRef = 6C4151CB1ECA7ACF00ACDAE7 /* Assets.xcassets */; };
		6C4151CF1ECA7ACF00ACDAE7 /* LaunchScreen.storyboard in Resources */ = {isa = PBXBuildFile; fileRef = 6C4151CD1ECA7ACF00ACDAE7 /* LaunchScreen.storyboard */; };
		6C4151DA1ECA7ACF00ACDAE7 /* ApptTests.swift in Sources */ = {isa = PBXBuildFile; fileRef = 6C4151D91ECA7ACF00ACDAE7 /* ApptTests.swift */; };
		6C4151E71ECA82ED00ACDAE7 /* AppointmentCell.swift in Sources */ = {isa = PBXBuildFile; fileRef = 6C4151E61ECA82ED00ACDAE7 /* AppointmentCell.swift */; };
		6C4A3AEF1EF9C1CA00D91CA5 /* ApptDetailTVC.swift in Sources */ = {isa = PBXBuildFile; fileRef = 6C4A3AEE1EF9C1CA00D91CA5 /* ApptDetailTVC.swift */; };
		6C4A3AF11EF9E53C00D91CA5 /* DateFormatters.swift in Sources */ = {isa = PBXBuildFile; fileRef = 6C4A3AF01EF9E53C00D91CA5 /* DateFormatters.swift */; };
		6C4A3AF51EFB213B00D91CA5 /* PatientDetailTVC.swift in Sources */ = {isa = PBXBuildFile; fileRef = 6C4A3AF41EFB213B00D91CA5 /* PatientDetailTVC.swift */; };
		6C59DE691F02974F00E32887 /* UpdateApptTVC_legacy.swift in Sources */ = {isa = PBXBuildFile; fileRef = 6C59DE681F02974F00E32887 /* UpdateApptTVC_legacy.swift */; };
		6C5B10E81F244CD9008B6CB6 /* GoogleService-Info.plist in Resources */ = {isa = PBXBuildFile; fileRef = 6C5B10E71F244CD9008B6CB6 /* GoogleService-Info.plist */; };
		6C6EBDA01F4A2B0C00A2E2F9 /* Shadows.swift in Sources */ = {isa = PBXBuildFile; fileRef = 6C6EBD9F1F4A2B0C00A2E2F9 /* Shadows.swift */; };
		6C7E6CCB1EDE177A002D1936 /* CoreDataStore.swift in Sources */ = {isa = PBXBuildFile; fileRef = 6C7E6CCA1EDE177A002D1936 /* CoreDataStore.swift */; };
		6C8793451F43E4BE0028AA3D /* ActivityTableViewController.swift in Sources */ = {isa = PBXBuildFile; fileRef = 6C3208431EE0127C00ED6BDF /* ActivityTableViewController.swift */; };
		6C8793461F43E4DC0028AA3D /* CalendarTableViewController.swift in Sources */ = {isa = PBXBuildFile; fileRef = 6C3208471EE09E8400ED6BDF /* CalendarTableViewController.swift */; };
		6C952E581ECD629E005CB5B7 /* NewApptTableViewController.swift in Sources */ = {isa = PBXBuildFile; fileRef = 6C952E571ECD629E005CB5B7 /* NewApptTableViewController.swift */; };
		6C9665E51F1AB637000228FE /* UIColor+Hex.swift in Sources */ = {isa = PBXBuildFile; fileRef = 6C9665E41F1AB637000228FE /* UIColor+Hex.swift */; };
		6C9665E71F1AB69F000228FE /* CustomSearchBar.swift in Sources */ = {isa = PBXBuildFile; fileRef = 6C9665E61F1AB69F000228FE /* CustomSearchBar.swift */; };
		6C9665E91F1B01A5000228FE /* CustomTabBar.swift in Sources */ = {isa = PBXBuildFile; fileRef = 6C9665E81F1B01A5000228FE /* CustomTabBar.swift */; };
		6CAE91291F4019AE00C037A8 /* CalendarViewController.swift in Sources */ = {isa = PBXBuildFile; fileRef = 6CAE91281F4019AE00C037A8 /* CalendarViewController.swift */; };
		6CC2D19C1F13FD990097DDFE /* Theme.swift in Sources */ = {isa = PBXBuildFile; fileRef = 6CC2D19B1F13FD990097DDFE /* Theme.swift */; };
		6CD2FB791ECB6FFD009C7088 /* AppointmentModel.xcdatamodeld in Sources */ = {isa = PBXBuildFile; fileRef = 6CD2FB771ECB6FFD009C7088 /* AppointmentModel.xcdatamodeld */; };
		6CE055531EDF18FC00312499 /* PatientsTabTVC.swift in Sources */ = {isa = PBXBuildFile; fileRef = 6CE055521EDF18FC00312499 /* PatientsTabTVC.swift */; };
		6CE055621EDFED6600312499 /* Appointment+CoreDataClass.swift in Sources */ = {isa = PBXBuildFile; fileRef = 6CE0555E1EDFED6600312499 /* Appointment+CoreDataClass.swift */; };
		6CE055631EDFED6600312499 /* Appointment+CoreDataProperties.swift in Sources */ = {isa = PBXBuildFile; fileRef = 6CE0555F1EDFED6600312499 /* Appointment+CoreDataProperties.swift */; };
		6CE055641EDFED6600312499 /* Patient+CoreDataClass.swift in Sources */ = {isa = PBXBuildFile; fileRef = 6CE055601EDFED6600312499 /* Patient+CoreDataClass.swift */; };
		6CE055651EDFED6600312499 /* Patient+CoreDataProperties.swift in Sources */ = {isa = PBXBuildFile; fileRef = 6CE055611EDFED6600312499 /* Patient+CoreDataProperties.swift */; };
		6CE413821F37C66F00D459B5 /* UpdateApptTVC.swift in Sources */ = {isa = PBXBuildFile; fileRef = 6CE413811F37C66F00D459B5 /* UpdateApptTVC.swift */; };
		6CE4E3191F1C5A810030C4C8 /* CustomSearch.swift in Sources */ = {isa = PBXBuildFile; fileRef = 6CE4E3181F1C5A810030C4C8 /* CustomSearch.swift */; };
		6CED205F1ED38DA700A6CD8B /* PatientsTableViewController.swift in Sources */ = {isa = PBXBuildFile; fileRef = 6CED205E1ED38DA700A6CD8B /* PatientsTableViewController.swift */; };
		6CED20611ED3926100A6CD8B /* PatientCell.swift in Sources */ = {isa = PBXBuildFile; fileRef = 6CED20601ED3926100A6CD8B /* PatientCell.swift */; };
		6CED20631ED4CA6800A6CD8B /* NewPatientTableVC.swift in Sources */ = {isa = PBXBuildFile; fileRef = 6CED20621ED4CA6800A6CD8B /* NewPatientTableVC.swift */; };
		839AFE48B24B86F244EFC449 /* Pods_Appt.framework in Frameworks */ = {isa = PBXBuildFile; fileRef = F07C45688795D050C791FE8A /* Pods_Appt.framework */; };
		D5A8E007B157A412CB593820 /* Pods_ApptTests.framework in Frameworks */ = {isa = PBXBuildFile; fileRef = 5A2CB454C1A0C38481346EFC /* Pods_ApptTests.framework */; };
/* End PBXBuildFile section */

/* Begin PBXContainerItemProxy section */
		6C4151D61ECA7ACF00ACDAE7 /* PBXContainerItemProxy */ = {
			isa = PBXContainerItemProxy;
			containerPortal = 6C4151B71ECA7ACF00ACDAE7 /* Project object */;
			proxyType = 1;
			remoteGlobalIDString = 6C4151BE1ECA7ACF00ACDAE7;
			remoteInfo = Appt;
		};
/* End PBXContainerItemProxy section */

/* Begin PBXFileReference section */
		5A2CB454C1A0C38481346EFC /* Pods_ApptTests.framework */ = {isa = PBXFileReference; explicitFileType = wrapper.framework; includeInIndex = 0; path = Pods_ApptTests.framework; sourceTree = BUILT_PRODUCTS_DIR; };
		607DD6543A286E998BEB4FA8 /* Pods-Appt.release.xcconfig */ = {isa = PBXFileReference; includeInIndex = 1; lastKnownFileType = text.xcconfig; name = "Pods-Appt.release.xcconfig"; path = "Pods/Target Support Files/Pods-Appt/Pods-Appt.release.xcconfig"; sourceTree = "<group>"; };
		6303EED0D2D0C9FBE46B190C /* Pods-ApptTests.release.xcconfig */ = {isa = PBXFileReference; includeInIndex = 1; lastKnownFileType = text.xcconfig; name = "Pods-ApptTests.release.xcconfig"; path = "Pods/Target Support Files/Pods-ApptTests/Pods-ApptTests.release.xcconfig"; sourceTree = "<group>"; };
		6C18DB991F1EAA7700E806C2 /* TextViewPlaceholder.swift */ = {isa = PBXFileReference; lastKnownFileType = sourcecode.swift; path = TextViewPlaceholder.swift; sourceTree = "<group>"; };
		6C18DB9B1F1ECBEB00E806C2 /* TextFieldDelegate.swift */ = {isa = PBXFileReference; lastKnownFileType = sourcecode.swift; path = TextFieldDelegate.swift; sourceTree = "<group>"; };
		6C18DB9D1F1ECF3000E806C2 /* TextViewDelegate.swift */ = {isa = PBXFileReference; lastKnownFileType = sourcecode.swift; path = TextViewDelegate.swift; sourceTree = "<group>"; };
		6C1FACB81F280ABF004B575C /* AdSupport.framework */ = {isa = PBXFileReference; lastKnownFileType = wrapper.framework; name = AdSupport.framework; path = System/Library/Frameworks/AdSupport.framework; sourceTree = SDKROOT; };
		6C2981F51F2D237900D8AE52 /* CalendarDayCell.swift */ = {isa = PBXFileReference; lastKnownFileType = sourcecode.swift; path = CalendarDayCell.swift; sourceTree = "<group>"; };
		6C3208431EE0127C00ED6BDF /* ActivityTableViewController.swift */ = {isa = PBXFileReference; fileEncoding = 4; lastKnownFileType = sourcecode.swift; path = ActivityTableViewController.swift; sourceTree = "<group>"; };
		6C3208451EE0153100ED6BDF /* ActivityCell.swift */ = {isa = PBXFileReference; fileEncoding = 4; lastKnownFileType = sourcecode.swift; path = ActivityCell.swift; sourceTree = "<group>"; };
		6C3208471EE09E8400ED6BDF /* CalendarTableViewController.swift */ = {isa = PBXFileReference; fileEncoding = 4; lastKnownFileType = sourcecode.swift; path = CalendarTableViewController.swift; sourceTree = "<group>"; };
		6C3342921F3A6229007F626D /* TimeSlotsCVC.swift */ = {isa = PBXFileReference; lastKnownFileType = sourcecode.swift; path = TimeSlotsCVC.swift; sourceTree = "<group>"; };
		6C3342961F3A643D007F626D /* TimeSlotCell.swift */ = {isa = PBXFileReference; lastKnownFileType = sourcecode.swift; path = TimeSlotCell.swift; sourceTree = "<group>"; };
		6C3342981F3A9ACC007F626D /* TimeSlotFormatter.swift */ = {isa = PBXFileReference; lastKnownFileType = sourcecode.swift; path = TimeSlotFormatter.swift; sourceTree = "<group>"; };
		6C33429A1F3AD8EF007F626D /* TimeSlotter.swift */ = {isa = PBXFileReference; lastKnownFileType = sourcecode.swift; path = TimeSlotter.swift; sourceTree = "<group>"; };
		6C4151BF1ECA7ACF00ACDAE7 /* Appt.app */ = {isa = PBXFileReference; explicitFileType = wrapper.application; includeInIndex = 0; path = Appt.app; sourceTree = BUILT_PRODUCTS_DIR; };
		6C4151C21ECA7ACF00ACDAE7 /* AppDelegate.swift */ = {isa = PBXFileReference; lastKnownFileType = sourcecode.swift; path = AppDelegate.swift; sourceTree = "<group>"; };
		6C4151C91ECA7ACF00ACDAE7 /* Base */ = {isa = PBXFileReference; lastKnownFileType = file.storyboard; name = Base; path = Base.lproj/Main.storyboard; sourceTree = "<group>"; };
		6C4151CB1ECA7ACF00ACDAE7 /* Assets.xcassets */ = {isa = PBXFileReference; lastKnownFileType = folder.assetcatalog; path = Assets.xcassets; sourceTree = "<group>"; };
		6C4151CE1ECA7ACF00ACDAE7 /* Base */ = {isa = PBXFileReference; lastKnownFileType = file.storyboard; name = Base; path = Base.lproj/LaunchScreen.storyboard; sourceTree = "<group>"; };
		6C4151D01ECA7ACF00ACDAE7 /* Info.plist */ = {isa = PBXFileReference; lastKnownFileType = text.plist.xml; path = Info.plist; sourceTree = "<group>"; };
		6C4151D51ECA7ACF00ACDAE7 /* ApptTests.xctest */ = {isa = PBXFileReference; explicitFileType = wrapper.cfbundle; includeInIndex = 0; path = ApptTests.xctest; sourceTree = BUILT_PRODUCTS_DIR; };
		6C4151D91ECA7ACF00ACDAE7 /* ApptTests.swift */ = {isa = PBXFileReference; lastKnownFileType = sourcecode.swift; path = ApptTests.swift; sourceTree = "<group>"; };
		6C4151DB1ECA7ACF00ACDAE7 /* Info.plist */ = {isa = PBXFileReference; lastKnownFileType = text.plist.xml; path = Info.plist; sourceTree = "<group>"; };
		6C4151E61ECA82ED00ACDAE7 /* AppointmentCell.swift */ = {isa = PBXFileReference; fileEncoding = 4; lastKnownFileType = sourcecode.swift; path = AppointmentCell.swift; sourceTree = "<group>"; };
		6C4A3AEE1EF9C1CA00D91CA5 /* ApptDetailTVC.swift */ = {isa = PBXFileReference; lastKnownFileType = sourcecode.swift; path = ApptDetailTVC.swift; sourceTree = "<group>"; };
		6C4A3AF01EF9E53C00D91CA5 /* DateFormatters.swift */ = {isa = PBXFileReference; lastKnownFileType = sourcecode.swift; path = DateFormatters.swift; sourceTree = "<group>"; };
		6C4A3AF41EFB213B00D91CA5 /* PatientDetailTVC.swift */ = {isa = PBXFileReference; lastKnownFileType = sourcecode.swift; path = PatientDetailTVC.swift; sourceTree = "<group>"; };
		6C59DE681F02974F00E32887 /* UpdateApptTVC_legacy.swift */ = {isa = PBXFileReference; lastKnownFileType = sourcecode.swift; path = UpdateApptTVC_legacy.swift; sourceTree = "<group>"; };
		6C5B10E71F244CD9008B6CB6 /* GoogleService-Info.plist */ = {isa = PBXFileReference; fileEncoding = 4; lastKnownFileType = text.plist.xml; name = "GoogleService-Info.plist"; path = "../../../../../../../Downloads/GoogleService-Info.plist"; sourceTree = "<group>"; };
		6C6EBD9F1F4A2B0C00A2E2F9 /* Shadows.swift */ = {isa = PBXFileReference; lastKnownFileType = sourcecode.swift; path = Shadows.swift; sourceTree = "<group>"; };
		6C7E6CCA1EDE177A002D1936 /* CoreDataStore.swift */ = {isa = PBXFileReference; fileEncoding = 4; lastKnownFileType = sourcecode.swift; path = CoreDataStore.swift; sourceTree = "<group>"; };
		6C952E571ECD629E005CB5B7 /* NewApptTableViewController.swift */ = {isa = PBXFileReference; fileEncoding = 4; lastKnownFileType = sourcecode.swift; path = NewApptTableViewController.swift; sourceTree = "<group>"; };
		6C9665E41F1AB637000228FE /* UIColor+Hex.swift */ = {isa = PBXFileReference; lastKnownFileType = sourcecode.swift; path = "UIColor+Hex.swift"; sourceTree = "<group>"; };
		6C9665E61F1AB69F000228FE /* CustomSearchBar.swift */ = {isa = PBXFileReference; lastKnownFileType = sourcecode.swift; path = CustomSearchBar.swift; sourceTree = "<group>"; };
		6C9665E81F1B01A5000228FE /* CustomTabBar.swift */ = {isa = PBXFileReference; lastKnownFileType = sourcecode.swift; path = CustomTabBar.swift; sourceTree = "<group>"; };
		6CAE91281F4019AE00C037A8 /* CalendarViewController.swift */ = {isa = PBXFileReference; lastKnownFileType = sourcecode.swift; path = CalendarViewController.swift; sourceTree = "<group>"; };
		6CC2D19B1F13FD990097DDFE /* Theme.swift */ = {isa = PBXFileReference; lastKnownFileType = sourcecode.swift; path = Theme.swift; sourceTree = "<group>"; };
		6CD2FB781ECB6FFD009C7088 /* AppointmentModel.xcdatamodel */ = {isa = PBXFileReference; lastKnownFileType = wrapper.xcdatamodel; path = AppointmentModel.xcdatamodel; sourceTree = "<group>"; };
		6CE055521EDF18FC00312499 /* PatientsTabTVC.swift */ = {isa = PBXFileReference; fileEncoding = 4; lastKnownFileType = sourcecode.swift; path = PatientsTabTVC.swift; sourceTree = "<group>"; };
		6CE0555E1EDFED6600312499 /* Appointment+CoreDataClass.swift */ = {isa = PBXFileReference; fileEncoding = 4; lastKnownFileType = sourcecode.swift; path = "Appointment+CoreDataClass.swift"; sourceTree = "<group>"; };
		6CE0555F1EDFED6600312499 /* Appointment+CoreDataProperties.swift */ = {isa = PBXFileReference; fileEncoding = 4; lastKnownFileType = sourcecode.swift; path = "Appointment+CoreDataProperties.swift"; sourceTree = "<group>"; };
		6CE055601EDFED6600312499 /* Patient+CoreDataClass.swift */ = {isa = PBXFileReference; fileEncoding = 4; lastKnownFileType = sourcecode.swift; path = "Patient+CoreDataClass.swift"; sourceTree = "<group>"; };
		6CE055611EDFED6600312499 /* Patient+CoreDataProperties.swift */ = {isa = PBXFileReference; fileEncoding = 4; lastKnownFileType = sourcecode.swift; path = "Patient+CoreDataProperties.swift"; sourceTree = "<group>"; };
		6CE413811F37C66F00D459B5 /* UpdateApptTVC.swift */ = {isa = PBXFileReference; lastKnownFileType = sourcecode.swift; path = UpdateApptTVC.swift; sourceTree = "<group>"; };
		6CE4E3181F1C5A810030C4C8 /* CustomSearch.swift */ = {isa = PBXFileReference; lastKnownFileType = sourcecode.swift; path = CustomSearch.swift; sourceTree = "<group>"; };
		6CED205E1ED38DA700A6CD8B /* PatientsTableViewController.swift */ = {isa = PBXFileReference; fileEncoding = 4; lastKnownFileType = sourcecode.swift; path = PatientsTableViewController.swift; sourceTree = "<group>"; };
		6CED20601ED3926100A6CD8B /* PatientCell.swift */ = {isa = PBXFileReference; fileEncoding = 4; lastKnownFileType = sourcecode.swift; path = PatientCell.swift; sourceTree = "<group>"; };
		6CED20621ED4CA6800A6CD8B /* NewPatientTableVC.swift */ = {isa = PBXFileReference; fileEncoding = 4; lastKnownFileType = sourcecode.swift; path = NewPatientTableVC.swift; sourceTree = "<group>"; };
		955A5EEA452C883E892441CC /* Pods-Appt.debug.xcconfig */ = {isa = PBXFileReference; includeInIndex = 1; lastKnownFileType = text.xcconfig; name = "Pods-Appt.debug.xcconfig"; path = "Pods/Target Support Files/Pods-Appt/Pods-Appt.debug.xcconfig"; sourceTree = "<group>"; };
		AFE1B20E66A925858ACDCCC6 /* Pods-ApptTests.debug.xcconfig */ = {isa = PBXFileReference; includeInIndex = 1; lastKnownFileType = text.xcconfig; name = "Pods-ApptTests.debug.xcconfig"; path = "Pods/Target Support Files/Pods-ApptTests/Pods-ApptTests.debug.xcconfig"; sourceTree = "<group>"; };
		F07C45688795D050C791FE8A /* Pods_Appt.framework */ = {isa = PBXFileReference; explicitFileType = wrapper.framework; includeInIndex = 0; path = Pods_Appt.framework; sourceTree = BUILT_PRODUCTS_DIR; };
/* End PBXFileReference section */

/* Begin PBXFrameworksBuildPhase section */
		6C4151BC1ECA7ACF00ACDAE7 /* Frameworks */ = {
			isa = PBXFrameworksBuildPhase;
			buildActionMask = 2147483647;
			files = (
				6C1FACB91F280F18004B575C /* AdSupport.framework in Frameworks */,
				839AFE48B24B86F244EFC449 /* Pods_Appt.framework in Frameworks */,
			);
			runOnlyForDeploymentPostprocessing = 0;
		};
		6C4151D21ECA7ACF00ACDAE7 /* Frameworks */ = {
			isa = PBXFrameworksBuildPhase;
			buildActionMask = 2147483647;
			files = (
				D5A8E007B157A412CB593820 /* Pods_ApptTests.framework in Frameworks */,
			);
			runOnlyForDeploymentPostprocessing = 0;
		};
/* End PBXFrameworksBuildPhase section */

/* Begin PBXGroup section */
		3F0C2F1A7A880164234EE315 /* Pods */ = {
			isa = PBXGroup;
			children = (
				955A5EEA452C883E892441CC /* Pods-Appt.debug.xcconfig */,
				607DD6543A286E998BEB4FA8 /* Pods-Appt.release.xcconfig */,
				AFE1B20E66A925858ACDCCC6 /* Pods-ApptTests.debug.xcconfig */,
				6303EED0D2D0C9FBE46B190C /* Pods-ApptTests.release.xcconfig */,
			);
			name = Pods;
			sourceTree = "<group>";
		};
		6C4151B61ECA7ACF00ACDAE7 = {
			isa = PBXGroup;
			children = (
				6C4151C11ECA7ACF00ACDAE7 /* Appt */,
				6C4151D81ECA7ACF00ACDAE7 /* ApptTests */,
				6C4151C01ECA7ACF00ACDAE7 /* Products */,
				D6964751799FCB183E75EB01 /* Frameworks */,
				3F0C2F1A7A880164234EE315 /* Pods */,
			);
			sourceTree = "<group>";
		};
		6C4151C01ECA7ACF00ACDAE7 /* Products */ = {
			isa = PBXGroup;
			children = (
				6C4151BF1ECA7ACF00ACDAE7 /* Appt.app */,
				6C4151D51ECA7ACF00ACDAE7 /* ApptTests.xctest */,
			);
			name = Products;
			sourceTree = "<group>";
		};
		6C4151C11ECA7ACF00ACDAE7 /* Appt */ = {
			isa = PBXGroup;
			children = (
				6C7E6CCC1EDE445C002D1936 /* Model */,
				6C9665EA1F1B04CF000228FE /* Views */,
				6CE413851F37ED8B00D459B5 /* Controllers */,
				6C4151C81ECA7ACF00ACDAE7 /* Main.storyboard */,
				6C4151C21ECA7ACF00ACDAE7 /* AppDelegate.swift */,
				6C4151CB1ECA7ACF00ACDAE7 /* Assets.xcassets */,
				6C4151CD1ECA7ACF00ACDAE7 /* LaunchScreen.storyboard */,
				6C5B10E71F244CD9008B6CB6 /* GoogleService-Info.plist */,
				6C4151D01ECA7ACF00ACDAE7 /* Info.plist */,
				6CE413841F37ECEA00D459B5 /* Support */,
				6CE413831F37E76300D459B5 /* Legacy */,
			);
			path = Appt;
			sourceTree = "<group>";
		};
		6C4151D81ECA7ACF00ACDAE7 /* ApptTests */ = {
			isa = PBXGroup;
			children = (
				6C4151D91ECA7ACF00ACDAE7 /* ApptTests.swift */,
				6C4151DB1ECA7ACF00ACDAE7 /* Info.plist */,
			);
			path = ApptTests;
			sourceTree = "<group>";
		};
		6C7E6CCC1EDE445C002D1936 /* Model */ = {
			isa = PBXGroup;
			children = (
				6CD2FB771ECB6FFD009C7088 /* AppointmentModel.xcdatamodeld */,
				6CE0555E1EDFED6600312499 /* Appointment+CoreDataClass.swift */,
				6CE0555F1EDFED6600312499 /* Appointment+CoreDataProperties.swift */,
				6CE055601EDFED6600312499 /* Patient+CoreDataClass.swift */,
				6CE055611EDFED6600312499 /* Patient+CoreDataProperties.swift */,
				6C7E6CCA1EDE177A002D1936 /* CoreDataStore.swift */,
			);
			name = Model;
			path = ..;
			sourceTree = "<group>";
		};
		6C9665EA1F1B04CF000228FE /* Views */ = {
			isa = PBXGroup;
			children = (
				6C2981F51F2D237900D8AE52 /* CalendarDayCell.swift */,
				6C4151E61ECA82ED00ACDAE7 /* AppointmentCell.swift */,
				6C3208451EE0153100ED6BDF /* ActivityCell.swift */,
				6CED20601ED3926100A6CD8B /* PatientCell.swift */,
				6CC2D19B1F13FD990097DDFE /* Theme.swift */,
				6C3342961F3A643D007F626D /* TimeSlotCell.swift */,
				6C9665E41F1AB637000228FE /* UIColor+Hex.swift */,
				6C9665E61F1AB69F000228FE /* CustomSearchBar.swift */,
				6C9665E81F1B01A5000228FE /* CustomTabBar.swift */,
				6CE4E3181F1C5A810030C4C8 /* CustomSearch.swift */,
				6C18DB9B1F1ECBEB00E806C2 /* TextFieldDelegate.swift */,
				6C18DB9D1F1ECF3000E806C2 /* TextViewDelegate.swift */,
				6C18DB991F1EAA7700E806C2 /* TextViewPlaceholder.swift */,
				6C6EBD9F1F4A2B0C00A2E2F9 /* Shadows.swift */,
			);
			path = Views;
			sourceTree = "<group>";
		};
		6CE413831F37E76300D459B5 /* Legacy */ = {
			isa = PBXGroup;
			children = (
				6C3208471EE09E8400ED6BDF /* CalendarTableViewController.swift */,
				6C59DE681F02974F00E32887 /* UpdateApptTVC_legacy.swift */,
			);
			path = Legacy;
			sourceTree = "<group>";
		};
		6CE413841F37ECEA00D459B5 /* Support */ = {
			isa = PBXGroup;
			children = (
				6C4A3AF01EF9E53C00D91CA5 /* DateFormatters.swift */,
				6C3342981F3A9ACC007F626D /* TimeSlotFormatter.swift */,
				6C33429A1F3AD8EF007F626D /* TimeSlotter.swift */,
			);
			path = Support;
			sourceTree = "<group>";
		};
		6CE413851F37ED8B00D459B5 /* Controllers */ = {
			isa = PBXGroup;
			children = (
				6CAE91281F4019AE00C037A8 /* CalendarViewController.swift */,
				6C3208431EE0127C00ED6BDF /* ActivityTableViewController.swift */,
				6CED205E1ED38DA700A6CD8B /* PatientsTableViewController.swift */,
				6C952E571ECD629E005CB5B7 /* NewApptTableViewController.swift */,
				6CE413811F37C66F00D459B5 /* UpdateApptTVC.swift */,
				6C3342921F3A6229007F626D /* TimeSlotsCVC.swift */,
				6CED20621ED4CA6800A6CD8B /* NewPatientTableVC.swift */,
				6CE055521EDF18FC00312499 /* PatientsTabTVC.swift */,
				6C4A3AF41EFB213B00D91CA5 /* PatientDetailTVC.swift */,
				6C4A3AEE1EF9C1CA00D91CA5 /* ApptDetailTVC.swift */,
			);
			path = Controllers;
			sourceTree = "<group>";
		};
		D6964751799FCB183E75EB01 /* Frameworks */ = {
			isa = PBXGroup;
			children = (
				6C1FACB81F280ABF004B575C /* AdSupport.framework */,
				F07C45688795D050C791FE8A /* Pods_Appt.framework */,
				5A2CB454C1A0C38481346EFC /* Pods_ApptTests.framework */,
			);
			name = Frameworks;
			sourceTree = "<group>";
		};
/* End PBXGroup section */

/* Begin PBXNativeTarget section */
		6C4151BE1ECA7ACF00ACDAE7 /* Appt */ = {
			isa = PBXNativeTarget;
			buildConfigurationList = 6C4151DE1ECA7ACF00ACDAE7 /* Build configuration list for PBXNativeTarget "Appt" */;
			buildPhases = (
				7E210ABB81B7DD6B5148357F /* [CP] Check Pods Manifest.lock */,
				6C4151BB1ECA7ACF00ACDAE7 /* Sources */,
				6C4151BC1ECA7ACF00ACDAE7 /* Frameworks */,
				6C4151BD1ECA7ACF00ACDAE7 /* Resources */,
				6FCF1E57FBD4D455FAB7B2C9 /* [CP] Embed Pods Frameworks */,
				C8489D138AEDD32C5F65F9DA /* [CP] Copy Pods Resources */,
			);
			buildRules = (
			);
			dependencies = (
			);
			name = Appt;
			productName = Appt;
			productReference = 6C4151BF1ECA7ACF00ACDAE7 /* Appt.app */;
			productType = "com.apple.product-type.application";
		};
		6C4151D41ECA7ACF00ACDAE7 /* ApptTests */ = {
			isa = PBXNativeTarget;
			buildConfigurationList = 6C4151E11ECA7ACF00ACDAE7 /* Build configuration list for PBXNativeTarget "ApptTests" */;
			buildPhases = (
				8843F2A9D968EFCBFA457654 /* [CP] Check Pods Manifest.lock */,
				6C4151D11ECA7ACF00ACDAE7 /* Sources */,
				6C4151D21ECA7ACF00ACDAE7 /* Frameworks */,
				6C4151D31ECA7ACF00ACDAE7 /* Resources */,
				5A5E2D138B3927BBF2C58CA4 /* [CP] Embed Pods Frameworks */,
				C49FCE111D9072190C5E425D /* [CP] Copy Pods Resources */,
			);
			buildRules = (
			);
			dependencies = (
				6C4151D71ECA7ACF00ACDAE7 /* PBXTargetDependency */,
			);
			name = ApptTests;
			productName = ApptTests;
			productReference = 6C4151D51ECA7ACF00ACDAE7 /* ApptTests.xctest */;
			productType = "com.apple.product-type.bundle.unit-test";
		};
/* End PBXNativeTarget section */

/* Begin PBXProject section */
		6C4151B71ECA7ACF00ACDAE7 /* Project object */ = {
			isa = PBXProject;
			attributes = {
				LastSwiftUpdateCheck = 0830;
				LastUpgradeCheck = 0900;
				ORGANIZATIONNAME = AgustinMendoza;
				TargetAttributes = {
					6C4151BE1ECA7ACF00ACDAE7 = {
						CreatedOnToolsVersion = 8.3.2;
						DevelopmentTeam = NZ3CN8JH2Y;
						LastSwiftMigration = 0900;
						ProvisioningStyle = Automatic;
					};
					6C4151D41ECA7ACF00ACDAE7 = {
						CreatedOnToolsVersion = 8.3.2;
						DevelopmentTeam = NZ3CN8JH2Y;
						LastSwiftMigration = 0900;
						ProvisioningStyle = Automatic;
						TestTargetID = 6C4151BE1ECA7ACF00ACDAE7;
					};
				};
			};
			buildConfigurationList = 6C4151BA1ECA7ACF00ACDAE7 /* Build configuration list for PBXProject "Appt" */;
			compatibilityVersion = "Xcode 3.2";
			developmentRegion = English;
			hasScannedForEncodings = 0;
			knownRegions = (
				en,
				Base,
			);
			mainGroup = 6C4151B61ECA7ACF00ACDAE7;
			productRefGroup = 6C4151C01ECA7ACF00ACDAE7 /* Products */;
			projectDirPath = "";
			projectRoot = "";
			targets = (
				6C4151BE1ECA7ACF00ACDAE7 /* Appt */,
				6C4151D41ECA7ACF00ACDAE7 /* ApptTests */,
			);
		};
/* End PBXProject section */

/* Begin PBXResourcesBuildPhase section */
		6C4151BD1ECA7ACF00ACDAE7 /* Resources */ = {
			isa = PBXResourcesBuildPhase;
			buildActionMask = 2147483647;
			files = (
				6C4151CF1ECA7ACF00ACDAE7 /* LaunchScreen.storyboard in Resources */,
				6C5B10E81F244CD9008B6CB6 /* GoogleService-Info.plist in Resources */,
				6C4151CC1ECA7ACF00ACDAE7 /* Assets.xcassets in Resources */,
				6C4151CA1ECA7ACF00ACDAE7 /* Main.storyboard in Resources */,
			);
			runOnlyForDeploymentPostprocessing = 0;
		};
		6C4151D31ECA7ACF00ACDAE7 /* Resources */ = {
			isa = PBXResourcesBuildPhase;
			buildActionMask = 2147483647;
			files = (
			);
			runOnlyForDeploymentPostprocessing = 0;
		};
/* End PBXResourcesBuildPhase section */

/* Begin PBXShellScriptBuildPhase section */
		5A5E2D138B3927BBF2C58CA4 /* [CP] Embed Pods Frameworks */ = {
			isa = PBXShellScriptBuildPhase;
			buildActionMask = 2147483647;
			files = (
			);
			inputPaths = (
			);
			name = "[CP] Embed Pods Frameworks";
			outputPaths = (
			);
			runOnlyForDeploymentPostprocessing = 0;
			shellPath = /bin/sh;
			shellScript = "\"${SRCROOT}/Pods/Target Support Files/Pods-ApptTests/Pods-ApptTests-frameworks.sh\"\n";
			showEnvVarsInLog = 0;
		};
		6FCF1E57FBD4D455FAB7B2C9 /* [CP] Embed Pods Frameworks */ = {
			isa = PBXShellScriptBuildPhase;
			buildActionMask = 2147483647;
			files = (
			);
			inputPaths = (
			);
			name = "[CP] Embed Pods Frameworks";
			outputPaths = (
			);
			runOnlyForDeploymentPostprocessing = 0;
			shellPath = /bin/sh;
			shellScript = "\"${SRCROOT}/Pods/Target Support Files/Pods-Appt/Pods-Appt-frameworks.sh\"\n";
			showEnvVarsInLog = 0;
		};
		7E210ABB81B7DD6B5148357F /* [CP] Check Pods Manifest.lock */ = {
			isa = PBXShellScriptBuildPhase;
			buildActionMask = 2147483647;
			files = (
			);
			inputPaths = (
			);
			name = "[CP] Check Pods Manifest.lock";
			outputPaths = (
			);
			runOnlyForDeploymentPostprocessing = 0;
			shellPath = /bin/sh;
			shellScript = "diff \"${PODS_PODFILE_DIR_PATH}/Podfile.lock\" \"${PODS_ROOT}/Manifest.lock\" > /dev/null\nif [ $? != 0 ] ; then\n    # print error to STDERR\n    echo \"error: The sandbox is not in sync with the Podfile.lock. Run 'pod install' or update your CocoaPods installation.\" >&2\n    exit 1\nfi\n";
			showEnvVarsInLog = 0;
		};
		8843F2A9D968EFCBFA457654 /* [CP] Check Pods Manifest.lock */ = {
			isa = PBXShellScriptBuildPhase;
			buildActionMask = 2147483647;
			files = (
			);
			inputPaths = (
			);
			name = "[CP] Check Pods Manifest.lock";
			outputPaths = (
			);
			runOnlyForDeploymentPostprocessing = 0;
			shellPath = /bin/sh;
			shellScript = "diff \"${PODS_PODFILE_DIR_PATH}/Podfile.lock\" \"${PODS_ROOT}/Manifest.lock\" > /dev/null\nif [ $? != 0 ] ; then\n    # print error to STDERR\n    echo \"error: The sandbox is not in sync with the Podfile.lock. Run 'pod install' or update your CocoaPods installation.\" >&2\n    exit 1\nfi\n";
			showEnvVarsInLog = 0;
		};
		C49FCE111D9072190C5E425D /* [CP] Copy Pods Resources */ = {
			isa = PBXShellScriptBuildPhase;
			buildActionMask = 2147483647;
			files = (
			);
			inputPaths = (
			);
			name = "[CP] Copy Pods Resources";
			outputPaths = (
			);
			runOnlyForDeploymentPostprocessing = 0;
			shellPath = /bin/sh;
			shellScript = "\"${SRCROOT}/Pods/Target Support Files/Pods-ApptTests/Pods-ApptTests-resources.sh\"\n";
			showEnvVarsInLog = 0;
		};
		C8489D138AEDD32C5F65F9DA /* [CP] Copy Pods Resources */ = {
			isa = PBXShellScriptBuildPhase;
			buildActionMask = 2147483647;
			files = (
			);
			inputPaths = (
			);
			name = "[CP] Copy Pods Resources";
			outputPaths = (
			);
			runOnlyForDeploymentPostprocessing = 0;
			shellPath = /bin/sh;
			shellScript = "\"${SRCROOT}/Pods/Target Support Files/Pods-Appt/Pods-Appt-resources.sh\"\n";
			showEnvVarsInLog = 0;
		};
/* End PBXShellScriptBuildPhase section */

/* Begin PBXSourcesBuildPhase section */
		6C4151BB1ECA7ACF00ACDAE7 /* Sources */ = {
			isa = PBXSourcesBuildPhase;
			buildActionMask = 2147483647;
			files = (
				6C7E6CCB1EDE177A002D1936 /* CoreDataStore.swift in Sources */,
				6C6EBDA01F4A2B0C00A2E2F9 /* Shadows.swift in Sources */,
				6C9665E71F1AB69F000228FE /* CustomSearchBar.swift in Sources */,
				6CE055651EDFED6600312499 /* Patient+CoreDataProperties.swift in Sources */,
				6C9665E91F1B01A5000228FE /* CustomTabBar.swift in Sources */,
				6CE055641EDFED6600312499 /* Patient+CoreDataClass.swift in Sources */,
				6CE4E3191F1C5A810030C4C8 /* CustomSearch.swift in Sources */,
				6CE055531EDF18FC00312499 /* PatientsTabTVC.swift in Sources */,
				6C18DB9E1F1ECF3000E806C2 /* TextViewDelegate.swift in Sources */,
				6C9665E51F1AB637000228FE /* UIColor+Hex.swift in Sources */,
				6C4151E71ECA82ED00ACDAE7 /* AppointmentCell.swift in Sources */,
				6C2981F61F2D237900D8AE52 /* CalendarDayCell.swift in Sources */,
				6CC2D19C1F13FD990097DDFE /* Theme.swift in Sources */,
				6C18DB9C1F1ECBEB00E806C2 /* TextFieldDelegate.swift in Sources */,
				6C18DB9A1F1EAA7700E806C2 /* TextViewPlaceholder.swift in Sources */,
				6C4151C31ECA7ACF00ACDAE7 /* AppDelegate.swift in Sources */,
				6C3342991F3A9ACC007F626D /* TimeSlotFormatter.swift in Sources */,
				6C3208461EE0153100ED6BDF /* ActivityCell.swift in Sources */,
				6CED20611ED3926100A6CD8B /* PatientCell.swift in Sources */,
				6CED205F1ED38DA700A6CD8B /* PatientsTableViewController.swift in Sources */,
				6C33429B1F3AD8EF007F626D /* TimeSlotter.swift in Sources */,
				6CE055631EDFED6600312499 /* Appointment+CoreDataProperties.swift in Sources */,
				6CE413821F37C66F00D459B5 /* UpdateApptTVC.swift in Sources */,
				6C952E581ECD629E005CB5B7 /* NewApptTableViewController.swift in Sources */,
				6CED20631ED4CA6800A6CD8B /* NewPatientTableVC.swift in Sources */,
				6CE055621EDFED6600312499 /* Appointment+CoreDataClass.swift in Sources */,
				6CD2FB791ECB6FFD009C7088 /* AppointmentModel.xcdatamodeld in Sources */,
				6C8793451F43E4BE0028AA3D /* ActivityTableViewController.swift in Sources */,
				6C3342931F3A6229007F626D /* TimeSlotsCVC.swift in Sources */,
				6C4A3AF11EF9E53C00D91CA5 /* DateFormatters.swift in Sources */,
				6CAE91291F4019AE00C037A8 /* CalendarViewController.swift in Sources */,
				6C4A3AEF1EF9C1CA00D91CA5 /* ApptDetailTVC.swift in Sources */,
				6C8793461F43E4DC0028AA3D /* CalendarTableViewController.swift in Sources */,
				6C4A3AF51EFB213B00D91CA5 /* PatientDetailTVC.swift in Sources */,
				6C3342971F3A643D007F626D /* TimeSlotCell.swift in Sources */,
				6C59DE691F02974F00E32887 /* UpdateApptTVC_legacy.swift in Sources */,
			);
			runOnlyForDeploymentPostprocessing = 0;
		};
		6C4151D11ECA7ACF00ACDAE7 /* Sources */ = {
			isa = PBXSourcesBuildPhase;
			buildActionMask = 2147483647;
			files = (
				6C4151DA1ECA7ACF00ACDAE7 /* ApptTests.swift in Sources */,
			);
			runOnlyForDeploymentPostprocessing = 0;
		};
/* End PBXSourcesBuildPhase section */

/* Begin PBXTargetDependency section */
		6C4151D71ECA7ACF00ACDAE7 /* PBXTargetDependency */ = {
			isa = PBXTargetDependency;
			target = 6C4151BE1ECA7ACF00ACDAE7 /* Appt */;
			targetProxy = 6C4151D61ECA7ACF00ACDAE7 /* PBXContainerItemProxy */;
		};
/* End PBXTargetDependency section */

/* Begin PBXVariantGroup section */
		6C4151C81ECA7ACF00ACDAE7 /* Main.storyboard */ = {
			isa = PBXVariantGroup;
			children = (
				6C4151C91ECA7ACF00ACDAE7 /* Base */,
			);
			name = Main.storyboard;
			sourceTree = "<group>";
		};
		6C4151CD1ECA7ACF00ACDAE7 /* LaunchScreen.storyboard */ = {
			isa = PBXVariantGroup;
			children = (
				6C4151CE1ECA7ACF00ACDAE7 /* Base */,
			);
			name = LaunchScreen.storyboard;
			sourceTree = "<group>";
		};
/* End PBXVariantGroup section */

/* Begin XCBuildConfiguration section */
		6C4151DC1ECA7ACF00ACDAE7 /* Debug */ = {
			isa = XCBuildConfiguration;
			buildSettings = {
				ALWAYS_SEARCH_USER_PATHS = NO;
				CLANG_ANALYZER_NONNULL = YES;
				CLANG_ANALYZER_NUMBER_OBJECT_CONVERSION = YES_AGGRESSIVE;
				CLANG_CXX_LANGUAGE_STANDARD = "gnu++0x";
				CLANG_CXX_LIBRARY = "libc++";
				CLANG_ENABLE_MODULES = YES;
				CLANG_ENABLE_OBJC_ARC = YES;
				CLANG_WARN_BLOCK_CAPTURE_AUTORELEASING = YES;
				CLANG_WARN_BOOL_CONVERSION = YES;
				CLANG_WARN_COMMA = YES;
				CLANG_WARN_CONSTANT_CONVERSION = YES;
				CLANG_WARN_DIRECT_OBJC_ISA_USAGE = YES_ERROR;
				CLANG_WARN_DOCUMENTATION_COMMENTS = YES;
				CLANG_WARN_EMPTY_BODY = YES;
				CLANG_WARN_ENUM_CONVERSION = YES;
				CLANG_WARN_INFINITE_RECURSION = YES;
				CLANG_WARN_INT_CONVERSION = YES;
				CLANG_WARN_NON_LITERAL_NULL_CONVERSION = YES;
				CLANG_WARN_OBJC_LITERAL_CONVERSION = YES;
				CLANG_WARN_OBJC_ROOT_CLASS = YES_ERROR;
				CLANG_WARN_RANGE_LOOP_ANALYSIS = YES;
				CLANG_WARN_STRICT_PROTOTYPES = YES;
				CLANG_WARN_SUSPICIOUS_MOVE = YES;
				CLANG_WARN_UNREACHABLE_CODE = YES;
				CLANG_WARN__DUPLICATE_METHOD_MATCH = YES;
				"CODE_SIGN_IDENTITY[sdk=iphoneos*]" = "iPhone Developer";
				COPY_PHASE_STRIP = NO;
				DEBUG_INFORMATION_FORMAT = dwarf;
				ENABLE_STRICT_OBJC_MSGSEND = YES;
				ENABLE_TESTABILITY = YES;
				GCC_C_LANGUAGE_STANDARD = gnu99;
				GCC_DYNAMIC_NO_PIC = NO;
				GCC_NO_COMMON_BLOCKS = YES;
				GCC_OPTIMIZATION_LEVEL = 0;
				GCC_PREPROCESSOR_DEFINITIONS = (
					"DEBUG=1",
					"$(inherited)",
				);
				GCC_WARN_64_TO_32_BIT_CONVERSION = YES;
				GCC_WARN_ABOUT_RETURN_TYPE = YES_ERROR;
				GCC_WARN_UNDECLARED_SELECTOR = YES;
				GCC_WARN_UNINITIALIZED_AUTOS = YES_AGGRESSIVE;
				GCC_WARN_UNUSED_FUNCTION = YES;
				GCC_WARN_UNUSED_VARIABLE = YES;
				IPHONEOS_DEPLOYMENT_TARGET = 10.3;
				MTL_ENABLE_DEBUG_INFO = YES;
				ONLY_ACTIVE_ARCH = YES;
				SDKROOT = iphoneos;
				SWIFT_ACTIVE_COMPILATION_CONDITIONS = DEBUG;
				SWIFT_OPTIMIZATION_LEVEL = "-Onone";
				TARGETED_DEVICE_FAMILY = "1,2";
			};
			name = Debug;
		};
		6C4151DD1ECA7ACF00ACDAE7 /* Release */ = {
			isa = XCBuildConfiguration;
			buildSettings = {
				ALWAYS_SEARCH_USER_PATHS = NO;
				CLANG_ANALYZER_NONNULL = YES;
				CLANG_ANALYZER_NUMBER_OBJECT_CONVERSION = YES_AGGRESSIVE;
				CLANG_CXX_LANGUAGE_STANDARD = "gnu++0x";
				CLANG_CXX_LIBRARY = "libc++";
				CLANG_ENABLE_MODULES = YES;
				CLANG_ENABLE_OBJC_ARC = YES;
				CLANG_WARN_BLOCK_CAPTURE_AUTORELEASING = YES;
				CLANG_WARN_BOOL_CONVERSION = YES;
				CLANG_WARN_COMMA = YES;
				CLANG_WARN_CONSTANT_CONVERSION = YES;
				CLANG_WARN_DIRECT_OBJC_ISA_USAGE = YES_ERROR;
				CLANG_WARN_DOCUMENTATION_COMMENTS = YES;
				CLANG_WARN_EMPTY_BODY = YES;
				CLANG_WARN_ENUM_CONVERSION = YES;
				CLANG_WARN_INFINITE_RECURSION = YES;
				CLANG_WARN_INT_CONVERSION = YES;
				CLANG_WARN_NON_LITERAL_NULL_CONVERSION = YES;
				CLANG_WARN_OBJC_LITERAL_CONVERSION = YES;
				CLANG_WARN_OBJC_ROOT_CLASS = YES_ERROR;
				CLANG_WARN_RANGE_LOOP_ANALYSIS = YES;
				CLANG_WARN_STRICT_PROTOTYPES = YES;
				CLANG_WARN_SUSPICIOUS_MOVE = YES;
				CLANG_WARN_UNREACHABLE_CODE = YES;
				CLANG_WARN__DUPLICATE_METHOD_MATCH = YES;
				"CODE_SIGN_IDENTITY[sdk=iphoneos*]" = "iPhone Developer";
				COPY_PHASE_STRIP = NO;
				DEBUG_INFORMATION_FORMAT = "dwarf-with-dsym";
				ENABLE_NS_ASSERTIONS = NO;
				ENABLE_STRICT_OBJC_MSGSEND = YES;
				GCC_C_LANGUAGE_STANDARD = gnu99;
				GCC_NO_COMMON_BLOCKS = YES;
				GCC_WARN_64_TO_32_BIT_CONVERSION = YES;
				GCC_WARN_ABOUT_RETURN_TYPE = YES_ERROR;
				GCC_WARN_UNDECLARED_SELECTOR = YES;
				GCC_WARN_UNINITIALIZED_AUTOS = YES_AGGRESSIVE;
				GCC_WARN_UNUSED_FUNCTION = YES;
				GCC_WARN_UNUSED_VARIABLE = YES;
				IPHONEOS_DEPLOYMENT_TARGET = 10.3;
				MTL_ENABLE_DEBUG_INFO = NO;
				SDKROOT = iphoneos;
				SWIFT_OPTIMIZATION_LEVEL = "-Owholemodule";
				TARGETED_DEVICE_FAMILY = "1,2";
				VALIDATE_PRODUCT = YES;
			};
			name = Release;
		};
		6C4151DF1ECA7ACF00ACDAE7 /* Debug */ = {
			isa = XCBuildConfiguration;
			baseConfigurationReference = 955A5EEA452C883E892441CC /* Pods-Appt.debug.xcconfig */;
			buildSettings = {
				ASSETCATALOG_COMPILER_APPICON_NAME = AppIcon;
				DEVELOPMENT_TEAM = NZ3CN8JH2Y;
				INFOPLIST_FILE = Appt/Info.plist;
				LD_RUNPATH_SEARCH_PATHS = "$(inherited) @executable_path/Frameworks";
				PRODUCT_BUNDLE_IDENTIFIER = com.agustinMendoza.Appt;
				PRODUCT_NAME = "$(TARGET_NAME)";
				SWIFT_SWIFT3_OBJC_INFERENCE = Default;
				SWIFT_VERSION = 4.0;
			};
			name = Debug;
		};
		6C4151E01ECA7ACF00ACDAE7 /* Release */ = {
			isa = XCBuildConfiguration;
			baseConfigurationReference = 607DD6543A286E998BEB4FA8 /* Pods-Appt.release.xcconfig */;
			buildSettings = {
				ASSETCATALOG_COMPILER_APPICON_NAME = AppIcon;
				DEVELOPMENT_TEAM = NZ3CN8JH2Y;
				INFOPLIST_FILE = Appt/Info.plist;
				LD_RUNPATH_SEARCH_PATHS = "$(inherited) @executable_path/Frameworks";
				PRODUCT_BUNDLE_IDENTIFIER = com.agustinMendoza.Appt;
				PRODUCT_NAME = "$(TARGET_NAME)";
				SWIFT_SWIFT3_OBJC_INFERENCE = Default;
				SWIFT_VERSION = 4.0;
			};
			name = Release;
		};
		6C4151E21ECA7ACF00ACDAE7 /* Debug */ = {
			isa = XCBuildConfiguration;
			baseConfigurationReference = AFE1B20E66A925858ACDCCC6 /* Pods-ApptTests.debug.xcconfig */;
			buildSettings = {
				ALWAYS_EMBED_SWIFT_STANDARD_LIBRARIES = YES;
				BUNDLE_LOADER = "$(TEST_HOST)";
				DEVELOPMENT_TEAM = NZ3CN8JH2Y;
				INFOPLIST_FILE = ApptTests/Info.plist;
				LD_RUNPATH_SEARCH_PATHS = "$(inherited) @executable_path/Frameworks @loader_path/Frameworks";
				PRODUCT_BUNDLE_IDENTIFIER = com.agustinMendoza.ApptTests;
				PRODUCT_NAME = "$(TARGET_NAME)";
				SWIFT_SWIFT3_OBJC_INFERENCE = On;
				SWIFT_VERSION = 4.0;
				TEST_HOST = "$(BUILT_PRODUCTS_DIR)/Appt.app/Appt";
			};
			name = Debug;
		};
		6C4151E31ECA7ACF00ACDAE7 /* Release */ = {
			isa = XCBuildConfiguration;
			baseConfigurationReference = 6303EED0D2D0C9FBE46B190C /* Pods-ApptTests.release.xcconfig */;
			buildSettings = {
				ALWAYS_EMBED_SWIFT_STANDARD_LIBRARIES = YES;
				BUNDLE_LOADER = "$(TEST_HOST)";
				DEVELOPMENT_TEAM = NZ3CN8JH2Y;
				INFOPLIST_FILE = ApptTests/Info.plist;
				LD_RUNPATH_SEARCH_PATHS = "$(inherited) @executable_path/Frameworks @loader_path/Frameworks";
				PRODUCT_BUNDLE_IDENTIFIER = com.agustinMendoza.ApptTests;
				PRODUCT_NAME = "$(TARGET_NAME)";
				SWIFT_SWIFT3_OBJC_INFERENCE = On;
				SWIFT_VERSION = 4.0;
				TEST_HOST = "$(BUILT_PRODUCTS_DIR)/Appt.app/Appt";
			};
			name = Release;
		};
/* End XCBuildConfiguration section */

/* Begin XCConfigurationList section */
		6C4151BA1ECA7ACF00ACDAE7 /* Build configuration list for PBXProject "Appt" */ = {
			isa = XCConfigurationList;
			buildConfigurations = (
				6C4151DC1ECA7ACF00ACDAE7 /* Debug */,
				6C4151DD1ECA7ACF00ACDAE7 /* Release */,
			);
			defaultConfigurationIsVisible = 0;
			defaultConfigurationName = Release;
		};
		6C4151DE1ECA7ACF00ACDAE7 /* Build configuration list for PBXNativeTarget "Appt" */ = {
			isa = XCConfigurationList;
			buildConfigurations = (
				6C4151DF1ECA7ACF00ACDAE7 /* Debug */,
				6C4151E01ECA7ACF00ACDAE7 /* Release */,
			);
			defaultConfigurationIsVisible = 0;
			defaultConfigurationName = Release;
		};
		6C4151E11ECA7ACF00ACDAE7 /* Build configuration list for PBXNativeTarget "ApptTests" */ = {
			isa = XCConfigurationList;
			buildConfigurations = (
				6C4151E21ECA7ACF00ACDAE7 /* Debug */,
				6C4151E31ECA7ACF00ACDAE7 /* Release */,
			);
			defaultConfigurationIsVisible = 0;
			defaultConfigurationName = Release;
		};
/* End XCConfigurationList section */

/* Begin XCVersionGroup section */
		6CD2FB771ECB6FFD009C7088 /* AppointmentModel.xcdatamodeld */ = {
			isa = XCVersionGroup;
			children = (
				6CD2FB781ECB6FFD009C7088 /* AppointmentModel.xcdatamodel */,
			);
			currentVersion = 6CD2FB781ECB6FFD009C7088 /* AppointmentModel.xcdatamodel */;
			path = AppointmentModel.xcdatamodeld;
			sourceTree = "<group>";
			versionGroupType = wrapper.xcdatamodel;
		};
/* End XCVersionGroup section */
	};
	rootObject = 6C4151B71ECA7ACF00ACDAE7 /* Project object */;
}
